
Microsoft Visual Studio Solution File, Format Version 12.00
# Visual Studio 15
VisualStudioVersion = 15.0.28307.757
MinimumVisualStudioVersion = 10.0.40219.1
Project("{2150E333-8FDC-42A3-9474-1A3956D46DE8}") = "Libraries", "Libraries", "{85C7F8C0-1486-459D-B3F8-99BDB79501EF}"
EndProject
Project("{2150E333-8FDC-42A3-9474-1A3956D46DE8}") = "Presentations", "Presentations", "{24D24446-BAD3-4025-9132-D2BEA263FF39}"
EndProject
Project("{2150E333-8FDC-42A3-9474-1A3956D46DE8}") = "Tests", "Tests", "{6E020314-D9B5-4BEF-88E4-8A80DC5DBE3E}"
EndProject
Project("{9A19103F-16F7-4668-BE54-9A1E7A4F7556}") = "SunApp.Core", "Libraries\SunApp.Core\SunApp.Core.csproj", "{C8B29F85-31C4-45BF-823F-29FC5B30DFB3}"
EndProject
Project("{9A19103F-16F7-4668-BE54-9A1E7A4F7556}") = "SunApp.Data", "Libraries\SunApp.Data\SunApp.Data.csproj", "{FD34D535-928B-4B61-9943-2FEDE4E01E1C}"
EndProject
Project("{9A19103F-16F7-4668-BE54-9A1E7A4F7556}") = "SunApp.Common", "Libraries\SunApp.Common\SunApp.Common.csproj", "{0552E7E8-9E43-456F-8B0D-D9AEDC46235C}"
EndProject
Project("{9A19103F-16F7-4668-BE54-9A1E7A4F7556}") = "SunApp.Service", "Libraries\SunApp.Service\SunApp.Service.csproj", "{18B0D2F6-DB39-4928-97B8-6DBCDF25D169}"
EndProject
Project("{9A19103F-16F7-4668-BE54-9A1E7A4F7556}") = "SunApp.Web", "Presentations\SunApp.Web\SunApp.Web.csproj", "{33722C0C-191D-4C64-9C0B-911C20E8DC12}"
EndProject
Project("{9A19103F-16F7-4668-BE54-9A1E7A4F7556}") = "SunApp.Core.Tests", "Tests\SunApp.Core.Tests\SunApp.Core.Tests.csproj", "{C165371E-F099-48FB-B7F9-9F429AF84141}"
EndProject
Project("{9A19103F-16F7-4668-BE54-9A1E7A4F7556}") = "SunApp.Service.Tests", "Tests\SunApp.Service.Tests\SunApp.Service.Tests.csproj", "{FD3F69CE-726A-4587-AD3D-37062C5AB634}"
EndProject
Project("{9A19103F-16F7-4668-BE54-9A1E7A4F7556}") = "SunApp.Tests", "Tests\SunApp.Tests\SunApp.Tests.csproj", "{CE8F9ED3-6160-4890-9332-EC33621530C9}"
EndProject
Project("{FAE04EC0-301F-11D3-BF4B-00C04F79EFBC}") = "SunApp.Web.Tests", "Tests\SunApp.Web.Tests\SunApp.Web.Tests.csproj", "{1A36970D-DD70-426B-889C-EB2D643C78BD}"
EndProject
Global
	GlobalSection(SolutionConfigurationPlatforms) = preSolution
		Debug|Any CPU = Debug|Any CPU
		Release|Any CPU = Release|Any CPU
	EndGlobalSection
	GlobalSection(ProjectConfigurationPlatforms) = postSolution
		{C8B29F85-31C4-45BF-823F-29FC5B30DFB3}.Debug|Any CPU.ActiveCfg = Debug|Any CPU
		{C8B29F85-31C4-45BF-823F-29FC5B30DFB3}.Debug|Any CPU.Build.0 = Debug|Any CPU
		{C8B29F85-31C4-45BF-823F-29FC5B30DFB3}.Release|Any CPU.ActiveCfg = Release|Any CPU
		{C8B29F85-31C4-45BF-823F-29FC5B30DFB3}.Release|Any CPU.Build.0 = Release|Any CPU
		{FD34D535-928B-4B61-9943-2FEDE4E01E1C}.Debug|Any CPU.ActiveCfg = Debug|Any CPU
		{FD34D535-928B-4B61-9943-2FEDE4E01E1C}.Debug|Any CPU.Build.0 = Debug|Any CPU
		{FD34D535-928B-4B61-9943-2FEDE4E01E1C}.Release|Any CPU.ActiveCfg = Release|Any CPU
		{FD34D535-928B-4B61-9943-2FEDE4E01E1C}.Release|Any CPU.Build.0 = Release|Any CPU
		{0552E7E8-9E43-456F-8B0D-D9AEDC46235C}.Debug|Any CPU.ActiveCfg = Debug|Any CPU
		{0552E7E8-9E43-456F-8B0D-D9AEDC46235C}.Debug|Any CPU.Build.0 = Debug|Any CPU
		{0552E7E8-9E43-456F-8B0D-D9AEDC46235C}.Release|Any CPU.ActiveCfg = Release|Any CPU
		{0552E7E8-9E43-456F-8B0D-D9AEDC46235C}.Release|Any CPU.Build.0 = Release|Any CPU
		{18B0D2F6-DB39-4928-97B8-6DBCDF25D169}.Debug|Any CPU.ActiveCfg = Debug|Any CPU
		{18B0D2F6-DB39-4928-97B8-6DBCDF25D169}.Debug|Any CPU.Build.0 = Debug|Any CPU
		{18B0D2F6-DB39-4928-97B8-6DBCDF25D169}.Release|Any CPU.ActiveCfg = Release|Any CPU
		{18B0D2F6-DB39-4928-97B8-6DBCDF25D169}.Release|Any CPU.Build.0 = Release|Any CPU
		{33722C0C-191D-4C64-9C0B-911C20E8DC12}.Debug|Any CPU.ActiveCfg = Debug|Any CPU
		{33722C0C-191D-4C64-9C0B-911C20E8DC12}.Debug|Any CPU.Build.0 = Debug|Any CPU
		{33722C0C-191D-4C64-9C0B-911C20E8DC12}.Release|Any CPU.ActiveCfg = Release|Any CPU
		{33722C0C-191D-4C64-9C0B-911C20E8DC12}.Release|Any CPU.Build.0 = Release|Any CPU
		{C165371E-F099-48FB-B7F9-9F429AF84141}.Debug|Any CPU.ActiveCfg = Debug|Any CPU
		{C165371E-F099-48FB-B7F9-9F429AF84141}.Debug|Any CPU.Build.0 = Debug|Any CPU
		{C165371E-F099-48FB-B7F9-9F429AF84141}.Release|Any CPU.ActiveCfg = Release|Any CPU
		{C165371E-F099-48FB-B7F9-9F429AF84141}.Release|Any CPU.Build.0 = Release|Any CPU
		{FD3F69CE-726A-4587-AD3D-37062C5AB634}.Debug|Any CPU.ActiveCfg = Debug|Any CPU
		{FD3F69CE-726A-4587-AD3D-37062C5AB634}.Debug|Any CPU.Build.0 = Debug|Any CPU
		{FD3F69CE-726A-4587-AD3D-37062C5AB634}.Release|Any CPU.ActiveCfg = Release|Any CPU
		{FD3F69CE-726A-4587-AD3D-37062C5AB634}.Release|Any CPU.Build.0 = Release|Any CPU
		{CE8F9ED3-6160-4890-9332-EC33621530C9}.Debug|Any CPU.ActiveCfg = Debug|Any CPU
		{CE8F9ED3-6160-4890-9332-EC33621530C9}.Debug|Any CPU.Build.0 = Debug|Any CPU
		{CE8F9ED3-6160-4890-9332-EC33621530C9}.Release|Any CPU.ActiveCfg = Release|Any CPU
		{CE8F9ED3-6160-4890-9332-EC33621530C9}.Release|Any CPU.Build.0 = Release|Any CPU
		{1A36970D-DD70-426B-889C-EB2D643C78BD}.Debug|Any CPU.ActiveCfg = Debug|Any CPU
		{1A36970D-DD70-426B-889C-EB2D643C78BD}.Debug|Any CPU.Build.0 = Debug|Any CPU
		{1A36970D-DD70-426B-889C-EB2D643C78BD}.Release|Any CPU.ActiveCfg = Release|Any CPU
		{1A36970D-DD70-426B-889C-EB2D643C78BD}.Release|Any CPU.Build.0 = Release|Any CPU
	EndGlobalSection
	GlobalSection(SolutionProperties) = preSolution
		HideSolutionNode = FALSE
	EndGlobalSection
	GlobalSection(NestedProjects) = preSolution
		{C8B29F85-31C4-45BF-823F-29FC5B30DFB3} = {85C7F8C0-1486-459D-B3F8-99BDB79501EF}
		{FD34D535-928B-4B61-9943-2FEDE4E01E1C} = {85C7F8C0-1486-459D-B3F8-99BDB79501EF}
		{0552E7E8-9E43-456F-8B0D-D9AEDC46235C} = {85C7F8C0-1486-459D-B3F8-99BDB79501EF}
		{18B0D2F6-DB39-4928-97B8-6DBCDF25D169} = {85C7F8C0-1486-459D-B3F8-99BDB79501EF}
		{33722C0C-191D-4C64-9C0B-911C20E8DC12} = {24D24446-BAD3-4025-9132-D2BEA263FF39}
		{C165371E-F099-48FB-B7F9-9F429AF84141} = {6E020314-D9B5-4BEF-88E4-8A80DC5DBE3E}
		{FD3F69CE-726A-4587-AD3D-37062C5AB634} = {6E020314-D9B5-4BEF-88E4-8A80DC5DBE3E}
		{CE8F9ED3-6160-4890-9332-EC33621530C9} = {6E020314-D9B5-4BEF-88E4-8A80DC5DBE3E}
		{1A36970D-DD70-426B-889C-EB2D643C78BD} = {6E020314-D9B5-4BEF-88E4-8A80DC5DBE3E}
	EndGlobalSection
	GlobalSection(ExtensibilityGlobals) = postSolution
		SolutionGuid = {88CE3817-C57A-4A97-BAA0-0C4C00FB6620}
	EndGlobalSection
EndGlobal
